// !$*UTF8*$!
{
	archiveVersion = 1;
	classes = {
	};
	objectVersion = 50;
	objects = {

/* Begin PBXBuildFile section */
		A529AEFF254753F6007CC272 /* main.cpp in Sources */ = {isa = PBXBuildFile; fileRef = A529AEFE254753F6007CC272 /* main.cpp */; };
		A5431B272579568E0041603E /* pugi.cpp in Sources */ = {isa = PBXBuildFile; fileRef = A5431B252579568E0041603E /* pugi.cpp */; };
		A55F5A072611B7BF00C02A80 /* sqlite.c in Sources */ = {isa = PBXBuildFile; fileRef = A55F5A062611B7BF00C02A80 /* sqlite.c */; };
/* End PBXBuildFile section */

/* Begin PBXCopyFilesBuildPhase section */
		A529AEF9254753F6007CC272 /* CopyFiles */ = {
			isa = PBXCopyFilesBuildPhase;
			buildActionMask = 2147483647;
			dstPath = /usr/share/man/man1/;
			dstSubfolderSpec = 0;
			files = (
			);
			runOnlyForDeploymentPostprocessing = 1;
		};
/* End PBXCopyFilesBuildPhase section */

/* Begin PBXFileReference section */
		A529AEFE254753F6007CC272 /* main.cpp */ = {isa = PBXFileReference; lastKnownFileType = sourcecode.cpp.cpp; path = main.cpp; sourceTree = "<group>"; };
		A5376681257D33D9002FAEA7 /* out_data.xml */ = {isa = PBXFileReference; fileEncoding = 4; lastKnownFileType = text.xml; path = out_data.xml; sourceTree = "<group>"; };
		A5376682257D33D9002FAEA7 /* data.xml */ = {isa = PBXFileReference; fileEncoding = 4; lastKnownFileType = text.xml; path = data.xml; sourceTree = "<group>"; };
		A5431B232579328A0041603E /* data_xml.h */ = {isa = PBXFileReference; lastKnownFileType = sourcecode.c.h; path = data_xml.h; sourceTree = "<group>"; };
		A5431B252579568E0041603E /* pugi.cpp */ = {isa = PBXFileReference; lastKnownFileType = sourcecode.cpp.cpp; path = pugi.cpp; sourceTree = "<group>"; };
		A5431B262579568E0041603E /* pugi.hpp */ = {isa = PBXFileReference; lastKnownFileType = sourcecode.cpp.h; path = pugi.hpp; sourceTree = "<group>"; };
		A5431B2B2579570E0041603E /* pugiconfig.hpp */ = {isa = PBXFileReference; lastKnownFileType = sourcecode.cpp.h; path = pugiconfig.hpp; sourceTree = "<group>"; };
		A55636312573975E0050E237 /* H_lowboy.h */ = {isa = PBXFileReference; lastKnownFileType = sourcecode.c.h; path = H_lowboy.h; sourceTree = "<group>"; };
		A55F5A032611B21500C02A80 /* data_sql.h */ = {isa = PBXFileReference; lastKnownFileType = sourcecode.c.h; path = data_sql.h; sourceTree = "<group>"; };
		A55F5A042611B35A00C02A80 /* sqlite.h */ = {isa = PBXFileReference; lastKnownFileType = sourcecode.c.h; path = sqlite.h; sourceTree = "<group>"; };
		A55F5A062611B7BF00C02A80 /* sqlite.c */ = {isa = PBXFileReference; lastKnownFileType = sourcecode.c.c; path = sqlite.c; sourceTree = "<group>"; };
		A5718E3D2562F9DB003E1889 /* H_driver_list.h */ = {isa = PBXFileReference; lastKnownFileType = sourcecode.c.h; path = H_driver_list.h; sourceTree = "<group>"; };
		A5AF965D256A8EAC000C7B0C /* H_complete_list.h */ = {isa = PBXFileReference; fileEncoding = 4; lastKnownFileType = sourcecode.c.h; path = H_complete_list.h; sourceTree = "<group>"; };
		A5B417002558347300E66061 /* Htrip.h */ = {isa = PBXFileReference; lastKnownFileType = sourcecode.c.h; path = Htrip.h; sourceTree = "<group>"; };
		A5B8D07625508A0F004938C6 /* ob */ = {isa = PBXFileReference; explicitFileType = "compiled.mach-o.executable"; includeInIndex = 0; path = ob; sourceTree = BUILT_PRODUCTS_DIR; };
		A5BF9A0B255D957E00DD4F97 /* H_driver.h */ = {isa = PBXFileReference; lastKnownFileType = sourcecode.c.h; path = H_driver.h; sourceTree = "<group>"; };
		A5BF9A0C255D958E00DD4F97 /* H_complete.h */ = {isa = PBXFileReference; lastKnownFileType = sourcecode.c.h; path = H_complete.h; sourceTree = "<group>"; };
		A5BF9A0E255DBF2200DD4F97 /* H_trip_list.h */ = {isa = PBXFileReference; lastKnownFileType = sourcecode.c.h; path = H_trip_list.h; sourceTree = "<group>"; };
/* End PBXFileReference section */

/* Begin PBXFrameworksBuildPhase section */
		A529AEF8254753F6007CC272 /* Frameworks */ = {
			isa = PBXFrameworksBuildPhase;
			buildActionMask = 2147483647;
			files = (
			);
			runOnlyForDeploymentPostprocessing = 0;
		};
/* End PBXFrameworksBuildPhase section */

/* Begin PBXGroup section */
		A529AEF2254753F6007CC272 = {
			isa = PBXGroup;
			children = (
				A529AEFD254753F6007CC272 /* ob */,
				A5B8D07625508A0F004938C6 /* ob */,
			);
			sourceTree = "<group>";
		};
		A529AEFD254753F6007CC272 /* ob */ = {
			isa = PBXGroup;
			children = (
				A529AEFE254753F6007CC272 /* main.cpp */,
				A5B417002558347300E66061 /* Htrip.h */,
				A5BF9A0B255D957E00DD4F97 /* H_driver.h */,
				A5BF9A0C255D958E00DD4F97 /* H_complete.h */,
				A5BF9A0E255DBF2200DD4F97 /* H_trip_list.h */,
				A5718E3D2562F9DB003E1889 /* H_driver_list.h */,
				A5AF965D256A8EAC000C7B0C /* H_complete_list.h */,
				A55636312573975E0050E237 /* H_lowboy.h */,
				A5431B232579328A0041603E /* data_xml.h */,
				A55F5A032611B21500C02A80 /* data_sql.h */,
				A55F5A042611B35A00C02A80 /* sqlite.h */,
				A55F5A062611B7BF00C02A80 /* sqlite.c */,
				A5376682257D33D9002FAEA7 /* data.xml */,
				A5376681257D33D9002FAEA7 /* out_data.xml */,
				A5431B252579568E0041603E /* pugi.cpp */,
				A5431B262579568E0041603E /* pugi.hpp */,
				A5431B2B2579570E0041603E /* pugiconfig.hpp */,
			);
			path = ob;
			sourceTree = "<group>";
		};
/* End PBXGroup section */

/* Begin PBXNativeTarget section */
		A529AEFA254753F6007CC272 /* ob */ = {
			isa = PBXNativeTarget;
			buildConfigurationList = A529AF02254753F6007CC272 /* Build configuration list for PBXNativeTarget "ob" */;
			buildPhases = (
				A529AEF7254753F6007CC272 /* Sources */,
				A529AEF8254753F6007CC272 /* Frameworks */,
				A529AEF9254753F6007CC272 /* CopyFiles */,
			);
			buildRules = (
			);
			dependencies = (
			);
			name = ob;
			productName = ob;
			productReference = A5B8D07625508A0F004938C6 /* ob */;
			productType = "com.apple.product-type.tool";
		};
/* End PBXNativeTarget section */

/* Begin PBXProject section */
		A529AEF3254753F6007CC272 /* Project object */ = {
			isa = PBXProject;
			attributes = {
				LastUpgradeCheck = 1210;
				TargetAttributes = {
					A529AEFA254753F6007CC272 = {
						CreatedOnToolsVersion = 12.1;
					};
				};
			};
			buildConfigurationList = A529AEF6254753F6007CC272 /* Build configuration list for PBXProject "ob" */;
			compatibilityVersion = "Xcode 9.3";
			developmentRegion = en;
			hasScannedForEncodings = 0;
			knownRegions = (
				en,
				Base,
			);
			mainGroup = A529AEF2254753F6007CC272;
			productRefGroup = A529AEF2254753F6007CC272;
			projectDirPath = "";
			projectRoot = "";
			targets = (
				A529AEFA254753F6007CC272 /* ob */,
			);
		};
/* End PBXProject section */

/* Begin PBXSourcesBuildPhase section */
		A529AEF7254753F6007CC272 /* Sources */ = {
			isa = PBXSourcesBuildPhase;
			buildActionMask = 2147483647;
			files = (
				A5431B272579568E0041603E /* pugi.cpp in Sources */,
				A529AEFF254753F6007CC272 /* main.cpp in Sources */,
				A55F5A072611B7BF00C02A80 /* sqlite.c in Sources */,
			);
			runOnlyForDeploymentPostprocessing = 0;
		};
/* End PBXSourcesBuildPhase section */

/* Begin XCBuildConfiguration section */
		A529AF00254753F6007CC272 /* Debug */ = {
			isa = XCBuildConfiguration;
			buildSettings = {
				ALWAYS_SEARCH_USER_PATHS = NO;
				CLANG_ANALYZER_NONNULL = YES;
				CLANG_ANALYZER_NUMBER_OBJECT_CONVERSION = YES_AGGRESSIVE;
				CLANG_CXX_LANGUAGE_STANDARD = "gnu++14";
				CLANG_CXX_LIBRARY = "libc++";
				CLANG_ENABLE_MODULES = YES;
				CLANG_ENABLE_OBJC_ARC = YES;
				CLANG_ENABLE_OBJC_WEAK = YES;
				CLANG_WARN_BLOCK_CAPTURE_AUTORELEASING = YES;
				CLANG_WARN_BOOL_CONVERSION = YES;
				CLANG_WARN_COMMA = YES;
				CLANG_WARN_CONSTANT_CONVERSION = YES;
				CLANG_WARN_DEPRECATED_OBJC_IMPLEMENTATIONS = YES;
				CLANG_WARN_DIRECT_OBJC_ISA_USAGE = YES_ERROR;
				CLANG_WARN_DOCUMENTATION_COMMENTS = YES;
				CLANG_WARN_EMPTY_BODY = YES;
				CLANG_WARN_ENUM_CONVERSION = YES;
				CLANG_WARN_INFINITE_RECURSION = YES;
				CLANG_WARN_INT_CONVERSION = YES;
				CLANG_WARN_NON_LITERAL_NULL_CONVERSION = YES;
				CLANG_WARN_OBJC_IMPLICIT_RETAIN_SELF = YES;
				CLANG_WARN_OBJC_LITERAL_CONVERSION = YES;
				CLANG_WARN_OBJC_ROOT_CLASS = YES_ERROR;
				CLANG_WARN_QUOTED_INCLUDE_IN_FRAMEWORK_HEADER = YES;
				CLANG_WARN_RANGE_LOOP_ANALYSIS = YES;
				CLANG_WARN_STRICT_PROTOTYPES = YES;
				CLANG_WARN_SUSPICIOUS_MOVE = YES;
				CLANG_WARN_UNGUARDED_AVAILABILITY = YES_AGGRESSIVE;
				CLANG_WARN_UNREACHABLE_CODE = YES;
				CLANG_WARN__DUPLICATE_METHOD_MATCH = YES;
				COPY_PHASE_STRIP = NO;
				DEBUG_INFORMATION_FORMAT = dwarf;
				ENABLE_STRICT_OBJC_MSGSEND = YES;
				ENABLE_TESTABILITY = YES;
				GCC_C_LANGUAGE_STANDARD = gnu11;
				GCC_DYNAMIC_NO_PIC = NO;
				GCC_NO_COMMON_BLOCKS = YES;
				GCC_OPTIMIZATION_LEVEL = 0;
				GCC_PREPROCESSOR_DEFINITIONS = (
					"DEBUG=1",
					"$(inherited)",
				);
				GCC_WARN_64_TO_32_BIT_CONVERSION = YES;
				GCC_WARN_ABOUT_RETURN_TYPE = YES_ERROR;
				GCC_WARN_UNDECLARED_SELECTOR = YES;
				GCC_WARN_UNINITIALIZED_AUTOS = YES_AGGRESSIVE;
				GCC_WARN_UNUSED_FUNCTION = YES;
				GCC_WARN_UNUSED_VARIABLE = YES;
				MACOSX_DEPLOYMENT_TARGET = 10.15;
				MTL_ENABLE_DEBUG_INFO = INCLUDE_SOURCE;
				MTL_FAST_MATH = YES;
				ONLY_ACTIVE_ARCH = YES;
				SDKROOT = macosx;
			};
			name = Debug;
		};
		A529AF01254753F6007CC272 /* Release */ = {
			isa = XCBuildConfiguration;
			buildSettings = {
				ALWAYS_SEARCH_USER_PATHS = NO;
				CLANG_ANALYZER_NONNULL = YES;
				CLANG_ANALYZER_NUMBER_OBJECT_CONVERSION = YES_AGGRESSIVE;
				CLANG_CXX_LANGUAGE_STANDARD = "gnu++14";
				CLANG_CXX_LIBRARY = "libc++";
				CLANG_ENABLE_MODULES = YES;
				CLANG_ENABLE_OBJC_ARC = YES;
				CLANG_ENABLE_OBJC_WEAK = YES;
				CLANG_WARN_BLOCK_CAPTURE_AUTORELEASING = YES;
				CLANG_WARN_BOOL_CONVERSION = YES;
				CLANG_WARN_COMMA = YES;
				CLANG_WARN_CONSTANT_CONVERSION = YES;
				CLANG_WARN_DEPRECATED_OBJC_IMPLEMENTATIONS = YES;
				CLANG_WARN_DIRECT_OBJC_ISA_USAGE = YES_ERROR;
				CLANG_WARN_DOCUMENTATION_COMMENTS = YES;
				CLANG_WARN_EMPTY_BODY = YES;
				CLANG_WARN_ENUM_CONVERSION = YES;
				CLANG_WARN_INFINITE_RECURSION = YES;
				CLANG_WARN_INT_CONVERSION = YES;
				CLANG_WARN_NON_LITERAL_NULL_CONVERSION = YES;
				CLANG_WARN_OBJC_IMPLICIT_RETAIN_SELF = YES;
				CLANG_WARN_OBJC_LITERAL_CONVERSION = YES;
				CLANG_WARN_OBJC_ROOT_CLASS = YES_ERROR;
				CLANG_WARN_QUOTED_INCLUDE_IN_FRAMEWORK_HEADER = YES;
				CLANG_WARN_RANGE_LOOP_ANALYSIS = YES;
				CLANG_WARN_STRICT_PROTOTYPES = YES;
				CLANG_WARN_SUSPICIOUS_MOVE = YES;
				CLANG_WARN_UNGUARDED_AVAILABILITY = YES_AGGRESSIVE;
				CLANG_WARN_UNREACHABLE_CODE = YES;
				CLANG_WARN__DUPLICATE_METHOD_MATCH = YES;
				COPY_PHASE_STRIP = NO;
				DEBUG_INFORMATION_FORMAT = "dwarf-with-dsym";
				ENABLE_NS_ASSERTIONS = NO;
				ENABLE_STRICT_OBJC_MSGSEND = YES;
				GCC_C_LANGUAGE_STANDARD = gnu11;
				GCC_NO_COMMON_BLOCKS = YES;
				GCC_WARN_64_TO_32_BIT_CONVERSION = YES;
				GCC_WARN_ABOUT_RETURN_TYPE = YES_ERROR;
				GCC_WARN_UNDECLARED_SELECTOR = YES;
				GCC_WARN_UNINITIALIZED_AUTOS = YES_AGGRESSIVE;
				GCC_WARN_UNUSED_FUNCTION = YES;
				GCC_WARN_UNUSED_VARIABLE = YES;
				MACOSX_DEPLOYMENT_TARGET = 10.15;
				MTL_ENABLE_DEBUG_INFO = NO;
				MTL_FAST_MATH = YES;
				SDKROOT = macosx;
			};
			name = Release;
		};
		A529AF03254753F6007CC272 /* Debug */ = {
			isa = XCBuildConfiguration;
			buildSettings = {
				CODE_SIGN_STYLE = Automatic;
				DEVELOPMENT_TEAM = 26K7VMHHT6;
				ENABLE_HARDENED_RUNTIME = YES;
				PRODUCT_NAME = "$(TARGET_NAME)";
			};
			name = Debug;
		};
		A529AF04254753F6007CC272 /* Release */ = {
			isa = XCBuildConfiguration;
			buildSettings = {
				CODE_SIGN_STYLE = Automatic;
				DEVELOPMENT_TEAM = 26K7VMHHT6;
				ENABLE_HARDENED_RUNTIME = YES;
				PRODUCT_NAME = "$(TARGET_NAME)";
			};
			name = Release;
		};
/* End XCBuildConfiguration section */

/* Begin XCConfigurationList section */
		A529AEF6254753F6007CC272 /* Build configuration list for PBXProject "ob" */ = {
			isa = XCConfigurationList;
			buildConfigurations = (
				A529AF00254753F6007CC272 /* Debug */,
				A529AF01254753F6007CC272 /* Release */,
			);
			defaultConfigurationIsVisible = 0;
			defaultConfigurationName = Release;
		};
		A529AF02254753F6007CC272 /* Build configuration list for PBXNativeTarget "ob" */ = {
			isa = XCConfigurationList;
			buildConfigurations = (
				A529AF03254753F6007CC272 /* Debug */,
				A529AF04254753F6007CC272 /* Release */,
			);
			defaultConfigurationIsVisible = 0;
			defaultConfigurationName = Release;
		};
/* End XCConfigurationList section */
	};
	rootObject = A529AEF3254753F6007CC272 /* Project object */;
}
